
Microsoft Visual Studio Solution File, Format Version 12.00
# Visual Studio 15
VisualStudioVersion = 15.0.27004.2010
MinimumVisualStudioVersion = 10.0.40219.1
Project("{8BC9CEB8-8B4A-11D0-8D11-00A0C91BC942}") = "targil-4-mivne-netunim-b", "targil-4-mivne-netunim-b\targil-4-mivne-netunim-b.vcxproj", "{277FF064-7A4E-4929-8648-3890858DA74F}"
EndProject
Global
	GlobalSection(SolutionConfigurationPlatforms) = preSolution
		Debug|x64 = Debug|x64
		Debug|x86 = Debug|x86
		Release|x64 = Release|x64
		Release|x86 = Release|x86
	EndGlobalSection
	GlobalSection(ProjectConfigurationPlatforms) = postSolution
		{277FF064-7A4E-4929-8648-3890858DA74F}.Debug|x64.ActiveCfg = Debug|x64
		{277FF064-7A4E-4929-8648-3890858DA74F}.Debug|x64.Build.0 = Debug|x64
		{277FF064-7A4E-4929-8648-3890858DA74F}.Debug|x86.ActiveCfg = Debug|Win32
		{277FF064-7A4E-4929-8648-3890858DA74F}.Debug|x86.Build.0 = Debug|Win32
		{277FF064-7A4E-4929-8648-3890858DA74F}.Release|x64.ActiveCfg = Release|x64
		{277FF064-7A4E-4929-8648-3890858DA74F}.Release|x64.Build.0 = Release|x64
		{277FF064-7A4E-4929-8648-3890858DA74F}.Release|x86.ActiveCfg = Release|Win32
		{277FF064-7A4E-4929-8648-3890858DA74F}.Release|x86.Build.0 = Release|Win32
	EndGlobalSection
	GlobalSection(SolutionProperties) = preSolution
		HideSolutionNode = FALSE
	EndGlobalSection
	GlobalSection(ExtensibilityGlobals) = postSolution
		SolutionGuid = {B7DBE846-5659-4C0F-9A53-0F90EF96DFAD}
	EndGlobalSection
EndGlobal
